
Microsoft Visual Studio Solution File, Format Version 12.00
# Visual Studio 15
VisualStudioVersion = 15.0.27309.0
MinimumVisualStudioVersion = 10.0.40219.1
Project("{FAE04EC0-301F-11D3-BF4B-00C04F79EFBC}") = "XamFormsPrototype.Android", "XamFormsPrototype\XamFormsPrototype.Android\XamFormsPrototype.Android.csproj", "{2FADA0C0-3174-4406-86B5-C98560278A25}"
EndProject
Project("{FAE04EC0-301F-11D3-BF4B-00C04F79EFBC}") = "XamFormsPrototype.iOS", "XamFormsPrototype\XamFormsPrototype.iOS\XamFormsPrototype.iOS.csproj", "{82D9AE69-16B2-4C6D-8BEB-6800F3F0B901}"
EndProject
Project("{FAE04EC0-301F-11D3-BF4B-00C04F79EFBC}") = "XamFormsPrototype.UWP", "XamFormsPrototype\XamFormsPrototype.UWP\XamFormsPrototype.UWP.csproj", "{F6EA9033-75FC-4B1B-8AB7-AA5811BF1C9F}"
EndProject
Project("{9A19103F-16F7-4668-BE54-9A1E7A4F7556}") = "XamFormsPrototype", "XamFormsPrototype\XamFormsPrototype\XamFormsPrototype.csproj", "{496BF925-6FB1-4AE5-AA2F-563855772573}"
EndProject
Global
	GlobalSection(SolutionConfigurationPlatforms) = preSolution
		Ad-Hoc|Any CPU = Ad-Hoc|Any CPU
		Ad-Hoc|ARM = Ad-Hoc|ARM
		Ad-Hoc|iPhone = Ad-Hoc|iPhone
		Ad-Hoc|iPhoneSimulator = Ad-Hoc|iPhoneSimulator
		Ad-Hoc|x64 = Ad-Hoc|x64
		Ad-Hoc|x86 = Ad-Hoc|x86
		AppStore|Any CPU = AppStore|Any CPU
		AppStore|ARM = AppStore|ARM
		AppStore|iPhone = AppStore|iPhone
		AppStore|iPhoneSimulator = AppStore|iPhoneSimulator
		AppStore|x64 = AppStore|x64
		AppStore|x86 = AppStore|x86
		Debug|Any CPU = Debug|Any CPU
		Debug|ARM = Debug|ARM
		Debug|iPhone = Debug|iPhone
		Debug|iPhoneSimulator = Debug|iPhoneSimulator
		Debug|x64 = Debug|x64
		Debug|x86 = Debug|x86
		Release|Any CPU = Release|Any CPU
		Release|ARM = Release|ARM
		Release|iPhone = Release|iPhone
		Release|iPhoneSimulator = Release|iPhoneSimulator
		Release|x64 = Release|x64
		Release|x86 = Release|x86
	EndGlobalSection
	GlobalSection(ProjectConfigurationPlatforms) = postSolution
		{2FADA0C0-3174-4406-86B5-C98560278A25}.Ad-Hoc|Any CPU.ActiveCfg = Release|Any CPU
		{2FADA0C0-3174-4406-86B5-C98560278A25}.Ad-Hoc|Any CPU.Build.0 = Release|Any CPU
		{2FADA0C0-3174-4406-86B5-C98560278A25}.Ad-Hoc|Any CPU.Deploy.0 = Release|Any CPU
		{2FADA0C0-3174-4406-86B5-C98560278A25}.Ad-Hoc|ARM.ActiveCfg = Release|Any CPU
		{2FADA0C0-3174-4406-86B5-C98560278A25}.Ad-Hoc|ARM.Build.0 = Release|Any CPU
		{2FADA0C0-3174-4406-86B5-C98560278A25}.Ad-Hoc|ARM.Deploy.0 = Release|Any CPU
		{2FADA0C0-3174-4406-86B5-C98560278A25}.Ad-Hoc|iPhone.ActiveCfg = Release|Any CPU
		{2FADA0C0-3174-4406-86B5-C98560278A25}.Ad-Hoc|iPhone.Build.0 = Release|Any CPU
		{2FADA0C0-3174-4406-86B5-C98560278A25}.Ad-Hoc|iPhone.Deploy.0 = Release|Any CPU
		{2FADA0C0-3174-4406-86B5-C98560278A25}.Ad-Hoc|iPhoneSimulator.ActiveCfg = Release|Any CPU
		{2FADA0C0-3174-4406-86B5-C98560278A25}.Ad-Hoc|iPhoneSimulator.Build.0 = Release|Any CPU
		{2FADA0C0-3174-4406-86B5-C98560278A25}.Ad-Hoc|iPhoneSimulator.Deploy.0 = Release|Any CPU
		{2FADA0C0-3174-4406-86B5-C98560278A25}.Ad-Hoc|x64.ActiveCfg = Release|Any CPU
		{2FADA0C0-3174-4406-86B5-C98560278A25}.Ad-Hoc|x64.Build.0 = Release|Any CPU
		{2FADA0C0-3174-4406-86B5-C98560278A25}.Ad-Hoc|x64.Deploy.0 = Release|Any CPU
		{2FADA0C0-3174-4406-86B5-C98560278A25}.Ad-Hoc|x86.ActiveCfg = Release|Any CPU
		{2FADA0C0-3174-4406-86B5-C98560278A25}.Ad-Hoc|x86.Build.0 = Release|Any CPU
		{2FADA0C0-3174-4406-86B5-C98560278A25}.Ad-Hoc|x86.Deploy.0 = Release|Any CPU
		{2FADA0C0-3174-4406-86B5-C98560278A25}.AppStore|Any CPU.ActiveCfg = Release|Any CPU
		{2FADA0C0-3174-4406-86B5-C98560278A25}.AppStore|Any CPU.Build.0 = Release|Any CPU
		{2FADA0C0-3174-4406-86B5-C98560278A25}.AppStore|Any CPU.Deploy.0 = Release|Any CPU
		{2FADA0C0-3174-4406-86B5-C98560278A25}.AppStore|ARM.ActiveCfg = Release|Any CPU
		{2FADA0C0-3174-4406-86B5-C98560278A25}.AppStore|ARM.Build.0 = Release|Any CPU
		{2FADA0C0-3174-4406-86B5-C98560278A25}.AppStore|ARM.Deploy.0 = Release|Any CPU
		{2FADA0C0-3174-4406-86B5-C98560278A25}.AppStore|iPhone.ActiveCfg = Release|Any CPU
		{2FADA0C0-3174-4406-86B5-C98560278A25}.AppStore|iPhone.Build.0 = Release|Any CPU
		{2FADA0C0-3174-4406-86B5-C98560278A25}.AppStore|iPhone.Deploy.0 = Release|Any CPU
		{2FADA0C0-3174-4406-86B5-C98560278A25}.AppStore|iPhoneSimulator.ActiveCfg = Release|Any CPU
		{2FADA0C0-3174-4406-86B5-C98560278A25}.AppStore|iPhoneSimulator.Build.0 = Release|Any CPU
		{2FADA0C0-3174-4406-86B5-C98560278A25}.AppStore|iPhoneSimulator.Deploy.0 = Release|Any CPU
		{2FADA0C0-3174-4406-86B5-C98560278A25}.AppStore|x64.ActiveCfg = Release|Any CPU
		{2FADA0C0-3174-4406-86B5-C98560278A25}.AppStore|x64.Build.0 = Release|Any CPU
		{2FADA0C0-3174-4406-86B5-C98560278A25}.AppStore|x64.Deploy.0 = Release|Any CPU
		{2FADA0C0-3174-4406-86B5-C98560278A25}.AppStore|x86.ActiveCfg = Release|Any CPU
		{2FADA0C0-3174-4406-86B5-C98560278A25}.AppStore|x86.Build.0 = Release|Any CPU
		{2FADA0C0-3174-4406-86B5-C98560278A25}.AppStore|x86.Deploy.0 = Release|Any CPU
		{2FADA0C0-3174-4406-86B5-C98560278A25}.Debug|Any CPU.ActiveCfg = Debug|Any CPU
		{2FADA0C0-3174-4406-86B5-C98560278A25}.Debug|Any CPU.Build.0 = Debug|Any CPU
		{2FADA0C0-3174-4406-86B5-C98560278A25}.Debug|Any CPU.Deploy.0 = Debug|Any CPU
		{2FADA0C0-3174-4406-86B5-C98560278A25}.Debug|ARM.ActiveCfg = Debug|Any CPU
		{2FADA0C0-3174-4406-86B5-C98560278A25}.Debug|ARM.Build.0 = Debug|Any CPU
		{2FADA0C0-3174-4406-86B5-C98560278A25}.Debug|ARM.Deploy.0 = Debug|Any CPU
		{2FADA0C0-3174-4406-86B5-C98560278A25}.Debug|iPhone.ActiveCfg = Debug|Any CPU
		{2FADA0C0-3174-4406-86B5-C98560278A25}.Debug|iPhone.Build.0 = Debug|Any CPU
		{2FADA0C0-3174-4406-86B5-C98560278A25}.Debug|iPhone.Deploy.0 = Debug|Any CPU
		{2FADA0C0-3174-4406-86B5-C98560278A25}.Debug|iPhoneSimulator.ActiveCfg = Debug|Any CPU
		{2FADA0C0-3174-4406-86B5-C98560278A25}.Debug|iPhoneSimulator.Build.0 = Debug|Any CPU
		{2FADA0C0-3174-4406-86B5-C98560278A25}.Debug|iPhoneSimulator.Deploy.0 = Debug|Any CPU
		{2FADA0C0-3174-4406-86B5-C98560278A25}.Debug|x64.ActiveCfg = Debug|Any CPU
		{2FADA0C0-3174-4406-86B5-C98560278A25}.Debug|x64.Build.0 = Debug|Any CPU
		{2FADA0C0-3174-4406-86B5-C98560278A25}.Debug|x64.Deploy.0 = Debug|Any CPU
		{2FADA0C0-3174-4406-86B5-C98560278A25}.Debug|x86.ActiveCfg = Debug|Any CPU
		{2FADA0C0-3174-4406-86B5-C98560278A25}.Debug|x86.Build.0 = Debug|Any CPU
		{2FADA0C0-3174-4406-86B5-C98560278A25}.Debug|x86.Deploy.0 = Debug|Any CPU
		{2FADA0C0-3174-4406-86B5-C98560278A25}.Release|Any CPU.ActiveCfg = Release|Any CPU
		{2FADA0C0-3174-4406-86B5-C98560278A25}.Release|Any CPU.Build.0 = Release|Any CPU
		{2FADA0C0-3174-4406-86B5-C98560278A25}.Release|Any CPU.Deploy.0 = Release|Any CPU
		{2FADA0C0-3174-4406-86B5-C98560278A25}.Release|ARM.ActiveCfg = Release|Any CPU
		{2FADA0C0-3174-4406-86B5-C98560278A25}.Release|ARM.Build.0 = Release|Any CPU
		{2FADA0C0-3174-4406-86B5-C98560278A25}.Release|ARM.Deploy.0 = Release|Any CPU
		{2FADA0C0-3174-4406-86B5-C98560278A25}.Release|iPhone.ActiveCfg = Release|Any CPU
		{2FADA0C0-3174-4406-86B5-C98560278A25}.Release|iPhone.Build.0 = Release|Any CPU
		{2FADA0C0-3174-4406-86B5-C98560278A25}.Release|iPhone.Deploy.0 = Release|Any CPU
		{2FADA0C0-3174-4406-86B5-C98560278A25}.Release|iPhoneSimulator.ActiveCfg = Release|Any CPU
		{2FADA0C0-3174-4406-86B5-C98560278A25}.Release|iPhoneSimulator.Build.0 = Release|Any CPU
		{2FADA0C0-3174-4406-86B5-C98560278A25}.Release|iPhoneSimulator.Deploy.0 = Release|Any CPU
		{2FADA0C0-3174-4406-86B5-C98560278A25}.Release|x64.ActiveCfg = Release|Any CPU
		{2FADA0C0-3174-4406-86B5-C98560278A25}.Release|x64.Build.0 = Release|Any CPU
		{2FADA0C0-3174-4406-86B5-C98560278A25}.Release|x64.Deploy.0 = Release|Any CPU
		{2FADA0C0-3174-4406-86B5-C98560278A25}.Release|x86.ActiveCfg = Release|Any CPU
		{2FADA0C0-3174-4406-86B5-C98560278A25}.Release|x86.Build.0 = Release|Any CPU
		{2FADA0C0-3174-4406-86B5-C98560278A25}.Release|x86.Deploy.0 = Release|Any CPU
		{82D9AE69-16B2-4C6D-8BEB-6800F3F0B901}.Ad-Hoc|Any CPU.ActiveCfg = Ad-Hoc|iPhone
		{82D9AE69-16B2-4C6D-8BEB-6800F3F0B901}.Ad-Hoc|ARM.ActiveCfg = Ad-Hoc|iPhone
		{82D9AE69-16B2-4C6D-8BEB-6800F3F0B901}.Ad-Hoc|iPhone.ActiveCfg = Ad-Hoc|iPhone
		{82D9AE69-16B2-4C6D-8BEB-6800F3F0B901}.Ad-Hoc|iPhone.Build.0 = Ad-Hoc|iPhone
		{82D9AE69-16B2-4C6D-8BEB-6800F3F0B901}.Ad-Hoc|iPhoneSimulator.ActiveCfg = Ad-Hoc|iPhoneSimulator
		{82D9AE69-16B2-4C6D-8BEB-6800F3F0B901}.Ad-Hoc|iPhoneSimulator.Build.0 = Ad-Hoc|iPhoneSimulator
		{82D9AE69-16B2-4C6D-8BEB-6800F3F0B901}.Ad-Hoc|x64.ActiveCfg = Ad-Hoc|iPhone
		{82D9AE69-16B2-4C6D-8BEB-6800F3F0B901}.Ad-Hoc|x86.ActiveCfg = Ad-Hoc|iPhone
		{82D9AE69-16B2-4C6D-8BEB-6800F3F0B901}.AppStore|Any CPU.ActiveCfg = AppStore|iPhone
		{82D9AE69-16B2-4C6D-8BEB-6800F3F0B901}.AppStore|ARM.ActiveCfg = AppStore|iPhone
		{82D9AE69-16B2-4C6D-8BEB-6800F3F0B901}.AppStore|iPhone.ActiveCfg = AppStore|iPhone
		{82D9AE69-16B2-4C6D-8BEB-6800F3F0B901}.AppStore|iPhone.Build.0 = AppStore|iPhone
		{82D9AE69-16B2-4C6D-8BEB-6800F3F0B901}.AppStore|iPhoneSimulator.ActiveCfg = AppStore|iPhoneSimulator
		{82D9AE69-16B2-4C6D-8BEB-6800F3F0B901}.AppStore|iPhoneSimulator.Build.0 = AppStore|iPhoneSimulator
		{82D9AE69-16B2-4C6D-8BEB-6800F3F0B901}.AppStore|x64.ActiveCfg = AppStore|iPhone
		{82D9AE69-16B2-4C6D-8BEB-6800F3F0B901}.AppStore|x86.ActiveCfg = AppStore|iPhone
		{82D9AE69-16B2-4C6D-8BEB-6800F3F0B901}.Debug|Any CPU.ActiveCfg = Debug|iPhone
		{82D9AE69-16B2-4C6D-8BEB-6800F3F0B901}.Debug|ARM.ActiveCfg = Debug|iPhone
		{82D9AE69-16B2-4C6D-8BEB-6800F3F0B901}.Debug|iPhone.ActiveCfg = Debug|iPhone
		{82D9AE69-16B2-4C6D-8BEB-6800F3F0B901}.Debug|iPhone.Build.0 = Debug|iPhone
		{82D9AE69-16B2-4C6D-8BEB-6800F3F0B901}.Debug|iPhoneSimulator.ActiveCfg = Debug|iPhoneSimulator
		{82D9AE69-16B2-4C6D-8BEB-6800F3F0B901}.Debug|iPhoneSimulator.Build.0 = Debug|iPhoneSimulator
		{82D9AE69-16B2-4C6D-8BEB-6800F3F0B901}.Debug|x64.ActiveCfg = Debug|iPhone
		{82D9AE69-16B2-4C6D-8BEB-6800F3F0B901}.Debug|x86.ActiveCfg = Debug|iPhone
		{82D9AE69-16B2-4C6D-8BEB-6800F3F0B901}.Release|Any CPU.ActiveCfg = Release|iPhone
		{82D9AE69-16B2-4C6D-8BEB-6800F3F0B901}.Release|ARM.ActiveCfg = Release|iPhone
		{82D9AE69-16B2-4C6D-8BEB-6800F3F0B901}.Release|iPhone.ActiveCfg = Release|iPhone
		{82D9AE69-16B2-4C6D-8BEB-6800F3F0B901}.Release|iPhone.Build.0 = Release|iPhone
		{82D9AE69-16B2-4C6D-8BEB-6800F3F0B901}.Release|iPhoneSimulator.ActiveCfg = Release|iPhoneSimulator
		{82D9AE69-16B2-4C6D-8BEB-6800F3F0B901}.Release|iPhoneSimulator.Build.0 = Release|iPhoneSimulator
		{82D9AE69-16B2-4C6D-8BEB-6800F3F0B901}.Release|x64.ActiveCfg = Release|iPhone
		{82D9AE69-16B2-4C6D-8BEB-6800F3F0B901}.Release|x86.ActiveCfg = Release|iPhone
		{F6EA9033-75FC-4B1B-8AB7-AA5811BF1C9F}.Ad-Hoc|Any CPU.ActiveCfg = Release|x86
		{F6EA9033-75FC-4B1B-8AB7-AA5811BF1C9F}.Ad-Hoc|Any CPU.Build.0 = Release|x86
		{F6EA9033-75FC-4B1B-8AB7-AA5811BF1C9F}.Ad-Hoc|Any CPU.Deploy.0 = Release|x86
		{F6EA9033-75FC-4B1B-8AB7-AA5811BF1C9F}.Ad-Hoc|ARM.ActiveCfg = Release|ARM
		{F6EA9033-75FC-4B1B-8AB7-AA5811BF1C9F}.Ad-Hoc|ARM.Build.0 = Release|ARM
		{F6EA9033-75FC-4B1B-8AB7-AA5811BF1C9F}.Ad-Hoc|ARM.Deploy.0 = Release|ARM
		{F6EA9033-75FC-4B1B-8AB7-AA5811BF1C9F}.Ad-Hoc|iPhone.ActiveCfg = Release|x86
		{F6EA9033-75FC-4B1B-8AB7-AA5811BF1C9F}.Ad-Hoc|iPhone.Build.0 = Release|x86
		{F6EA9033-75FC-4B1B-8AB7-AA5811BF1C9F}.Ad-Hoc|iPhone.Deploy.0 = Release|x86
		{F6EA9033-75FC-4B1B-8AB7-AA5811BF1C9F}.Ad-Hoc|iPhoneSimulator.ActiveCfg = Release|x86
		{F6EA9033-75FC-4B1B-8AB7-AA5811BF1C9F}.Ad-Hoc|iPhoneSimulator.Build.0 = Release|x86
		{F6EA9033-75FC-4B1B-8AB7-AA5811BF1C9F}.Ad-Hoc|iPhoneSimulator.Deploy.0 = Release|x86
		{F6EA9033-75FC-4B1B-8AB7-AA5811BF1C9F}.Ad-Hoc|x64.ActiveCfg = Release|x64
		{F6EA9033-75FC-4B1B-8AB7-AA5811BF1C9F}.Ad-Hoc|x64.Build.0 = Release|x64
		{F6EA9033-75FC-4B1B-8AB7-AA5811BF1C9F}.Ad-Hoc|x64.Deploy.0 = Release|x64
		{F6EA9033-75FC-4B1B-8AB7-AA5811BF1C9F}.Ad-Hoc|x86.ActiveCfg = Release|x86
		{F6EA9033-75FC-4B1B-8AB7-AA5811BF1C9F}.Ad-Hoc|x86.Build.0 = Release|x86
		{F6EA9033-75FC-4B1B-8AB7-AA5811BF1C9F}.Ad-Hoc|x86.Deploy.0 = Release|x86
		{F6EA9033-75FC-4B1B-8AB7-AA5811BF1C9F}.AppStore|Any CPU.ActiveCfg = Release|x86
		{F6EA9033-75FC-4B1B-8AB7-AA5811BF1C9F}.AppStore|Any CPU.Build.0 = Release|x86
		{F6EA9033-75FC-4B1B-8AB7-AA5811BF1C9F}.AppStore|Any CPU.Deploy.0 = Release|x86
		{F6EA9033-75FC-4B1B-8AB7-AA5811BF1C9F}.AppStore|ARM.ActiveCfg = Release|ARM
		{F6EA9033-75FC-4B1B-8AB7-AA5811BF1C9F}.AppStore|ARM.Build.0 = Release|ARM
		{F6EA9033-75FC-4B1B-8AB7-AA5811BF1C9F}.AppStore|ARM.Deploy.0 = Release|ARM
		{F6EA9033-75FC-4B1B-8AB7-AA5811BF1C9F}.AppStore|iPhone.ActiveCfg = Release|x86
		{F6EA9033-75FC-4B1B-8AB7-AA5811BF1C9F}.AppStore|iPhone.Build.0 = Release|x86
		{F6EA9033-75FC-4B1B-8AB7-AA5811BF1C9F}.AppStore|iPhone.Deploy.0 = Release|x86
		{F6EA9033-75FC-4B1B-8AB7-AA5811BF1C9F}.AppStore|iPhoneSimulator.ActiveCfg = Release|x86
		{F6EA9033-75FC-4B1B-8AB7-AA5811BF1C9F}.AppStore|iPhoneSimulator.Build.0 = Release|x86
		{F6EA9033-75FC-4B1B-8AB7-AA5811BF1C9F}.AppStore|iPhoneSimulator.Deploy.0 = Release|x86
		{F6EA9033-75FC-4B1B-8AB7-AA5811BF1C9F}.AppStore|x64.ActiveCfg = Release|x64
		{F6EA9033-75FC-4B1B-8AB7-AA5811BF1C9F}.AppStore|x64.Build.0 = Release|x64
		{F6EA9033-75FC-4B1B-8AB7-AA5811BF1C9F}.AppStore|x64.Deploy.0 = Release|x64
		{F6EA9033-75FC-4B1B-8AB7-AA5811BF1C9F}.AppStore|x86.ActiveCfg = Release|x86
		{F6EA9033-75FC-4B1B-8AB7-AA5811BF1C9F}.AppStore|x86.Build.0 = Release|x86
		{F6EA9033-75FC-4B1B-8AB7-AA5811BF1C9F}.AppStore|x86.Deploy.0 = Release|x86
		{F6EA9033-75FC-4B1B-8AB7-AA5811BF1C9F}.Debug|Any CPU.ActiveCfg = Debug|x64
		{F6EA9033-75FC-4B1B-8AB7-AA5811BF1C9F}.Debug|Any CPU.Build.0 = Debug|x64
		{F6EA9033-75FC-4B1B-8AB7-AA5811BF1C9F}.Debug|Any CPU.Deploy.0 = Debug|x64
		{F6EA9033-75FC-4B1B-8AB7-AA5811BF1C9F}.Debug|ARM.ActiveCfg = Debug|ARM
		{F6EA9033-75FC-4B1B-8AB7-AA5811BF1C9F}.Debug|ARM.Build.0 = Debug|ARM
		{F6EA9033-75FC-4B1B-8AB7-AA5811BF1C9F}.Debug|ARM.Deploy.0 = Debug|ARM
		{F6EA9033-75FC-4B1B-8AB7-AA5811BF1C9F}.Debug|iPhone.ActiveCfg = Debug|x86
		{F6EA9033-75FC-4B1B-8AB7-AA5811BF1C9F}.Debug|iPhoneSimulator.ActiveCfg = Debug|x86
		{F6EA9033-75FC-4B1B-8AB7-AA5811BF1C9F}.Debug|x64.ActiveCfg = Debug|x64
		{F6EA9033-75FC-4B1B-8AB7-AA5811BF1C9F}.Debug|x64.Build.0 = Debug|x64
		{F6EA9033-75FC-4B1B-8AB7-AA5811BF1C9F}.Debug|x64.Deploy.0 = Debug|x64
		{F6EA9033-75FC-4B1B-8AB7-AA5811BF1C9F}.Debug|x86.ActiveCfg = Debug|x86
		{F6EA9033-75FC-4B1B-8AB7-AA5811BF1C9F}.Debug|x86.Build.0 = Debug|x86
		{F6EA9033-75FC-4B1B-8AB7-AA5811BF1C9F}.Debug|x86.Deploy.0 = Debug|x86
		{F6EA9033-75FC-4B1B-8AB7-AA5811BF1C9F}.Release|Any CPU.ActiveCfg = Release|x86
		{F6EA9033-75FC-4B1B-8AB7-AA5811BF1C9F}.Release|ARM.ActiveCfg = Release|ARM
		{F6EA9033-75FC-4B1B-8AB7-AA5811BF1C9F}.Release|ARM.Build.0 = Release|ARM
		{F6EA9033-75FC-4B1B-8AB7-AA5811BF1C9F}.Release|ARM.Deploy.0 = Release|ARM
		{F6EA9033-75FC-4B1B-8AB7-AA5811BF1C9F}.Release|iPhone.ActiveCfg = Release|x86
		{F6EA9033-75FC-4B1B-8AB7-AA5811BF1C9F}.Release|iPhoneSimulator.ActiveCfg = Release|x86
		{F6EA9033-75FC-4B1B-8AB7-AA5811BF1C9F}.Release|x64.ActiveCfg = Release|x64
		{F6EA9033-75FC-4B1B-8AB7-AA5811BF1C9F}.Release|x64.Build.0 = Release|x64
		{F6EA9033-75FC-4B1B-8AB7-AA5811BF1C9F}.Release|x64.Deploy.0 = Release|x64
		{F6EA9033-75FC-4B1B-8AB7-AA5811BF1C9F}.Release|x86.ActiveCfg = Release|x86
		{F6EA9033-75FC-4B1B-8AB7-AA5811BF1C9F}.Release|x86.Build.0 = Release|x86
		{F6EA9033-75FC-4B1B-8AB7-AA5811BF1C9F}.Release|x86.Deploy.0 = Release|x86
		{496BF925-6FB1-4AE5-AA2F-563855772573}.Ad-Hoc|Any CPU.ActiveCfg = Debug|Any CPU
		{496BF925-6FB1-4AE5-AA2F-563855772573}.Ad-Hoc|Any CPU.Build.0 = Debug|Any CPU
		{496BF925-6FB1-4AE5-AA2F-563855772573}.Ad-Hoc|ARM.ActiveCfg = Debug|Any CPU
		{496BF925-6FB1-4AE5-AA2F-563855772573}.Ad-Hoc|ARM.Build.0 = Debug|Any CPU
		{496BF925-6FB1-4AE5-AA2F-563855772573}.Ad-Hoc|iPhone.ActiveCfg = Debug|Any CPU
		{496BF925-6FB1-4AE5-AA2F-563855772573}.Ad-Hoc|iPhone.Build.0 = Debug|Any CPU
		{496BF925-6FB1-4AE5-AA2F-563855772573}.Ad-Hoc|iPhoneSimulator.ActiveCfg = Debug|Any CPU
		{496BF925-6FB1-4AE5-AA2F-563855772573}.Ad-Hoc|iPhoneSimulator.Build.0 = Debug|Any CPU
		{496BF925-6FB1-4AE5-AA2F-563855772573}.Ad-Hoc|x64.ActiveCfg = Debug|Any CPU
		{496BF925-6FB1-4AE5-AA2F-563855772573}.Ad-Hoc|x64.Build.0 = Debug|Any CPU
		{496BF925-6FB1-4AE5-AA2F-563855772573}.Ad-Hoc|x86.ActiveCfg = Debug|Any CPU
		{496BF925-6FB1-4AE5-AA2F-563855772573}.Ad-Hoc|x86.Build.0 = Debug|Any CPU
		{496BF925-6FB1-4AE5-AA2F-563855772573}.AppStore|Any CPU.ActiveCfg = Debug|Any CPU
		{496BF925-6FB1-4AE5-AA2F-563855772573}.AppStore|Any CPU.Build.0 = Debug|Any CPU
		{496BF925-6FB1-4AE5-AA2F-563855772573}.AppStore|ARM.ActiveCfg = Debug|Any CPU
		{496BF925-6FB1-4AE5-AA2F-563855772573}.AppStore|ARM.Build.0 = Debug|Any CPU
		{496BF925-6FB1-4AE5-AA2F-563855772573}.AppStore|iPhone.ActiveCfg = Debug|Any CPU
		{496BF925-6FB1-4AE5-AA2F-563855772573}.AppStore|iPhone.Build.0 = Debug|Any CPU
		{496BF925-6FB1-4AE5-AA2F-563855772573}.AppStore|iPhoneSimulator.ActiveCfg = Debug|Any CPU
		{496BF925-6FB1-4AE5-AA2F-563855772573}.AppStore|iPhoneSimulator.Build.0 = Debug|Any CPU
		{496BF925-6FB1-4AE5-AA2F-563855772573}.AppStore|x64.ActiveCfg = Debug|Any CPU
		{496BF925-6FB1-4AE5-AA2F-563855772573}.AppStore|x64.Build.0 = Debug|Any CPU
		{496BF925-6FB1-4AE5-AA2F-563855772573}.AppStore|x86.ActiveCfg = Debug|Any CPU
		{496BF925-6FB1-4AE5-AA2F-563855772573}.AppStore|x86.Build.0 = Debug|Any CPU
		{496BF925-6FB1-4AE5-AA2F-563855772573}.Debug|Any CPU.ActiveCfg = Debug|Any CPU
		{496BF925-6FB1-4AE5-AA2F-563855772573}.Debug|Any CPU.Build.0 = Debug|Any CPU
		{496BF925-6FB1-4AE5-AA2F-563855772573}.Debug|ARM.ActiveCfg = Debug|Any CPU
		{496BF925-6FB1-4AE5-AA2F-563855772573}.Debug|ARM.Build.0 = Debug|Any CPU
		{496BF925-6FB1-4AE5-AA2F-563855772573}.Debug|iPhone.ActiveCfg = Debug|Any CPU
		{496BF925-6FB1-4AE5-AA2F-563855772573}.Debug|iPhone.Build.0 = Debug|Any CPU
		{496BF925-6FB1-4AE5-AA2F-563855772573}.Debug|iPhoneSimulator.ActiveCfg = Debug|Any CPU
		{496BF925-6FB1-4AE5-AA2F-563855772573}.Debug|iPhoneSimulator.Build.0 = Debug|Any CPU
		{496BF925-6FB1-4AE5-AA2F-563855772573}.Debug|x64.ActiveCfg = Debug|Any CPU
		{496BF925-6FB1-4AE5-AA2F-563855772573}.Debug|x64.Build.0 = Debug|Any CPU
		{496BF925-6FB1-4AE5-AA2F-563855772573}.Debug|x86.ActiveCfg = Debug|Any CPU
		{496BF925-6FB1-4AE5-AA2F-563855772573}.Debug|x86.Build.0 = Debug|Any CPU
		{496BF925-6FB1-4AE5-AA2F-563855772573}.Release|Any CPU.ActiveCfg = Release|Any CPU
		{496BF925-6FB1-4AE5-AA2F-563855772573}.Release|Any CPU.Build.0 = Release|Any CPU
		{496BF925-6FB1-4AE5-AA2F-563855772573}.Release|ARM.ActiveCfg = Release|Any CPU
		{496BF925-6FB1-4AE5-AA2F-563855772573}.Release|ARM.Build.0 = Release|Any CPU
		{496BF925-6FB1-4AE5-AA2F-563855772573}.Release|iPhone.ActiveCfg = Release|Any CPU
		{496BF925-6FB1-4AE5-AA2F-563855772573}.Release|iPhone.Build.0 = Release|Any CPU
		{496BF925-6FB1-4AE5-AA2F-563855772573}.Release|iPhoneSimulator.ActiveCfg = Release|Any CPU
		{496BF925-6FB1-4AE5-AA2F-563855772573}.Release|iPhoneSimulator.Build.0 = Release|Any CPU
		{496BF925-6FB1-4AE5-AA2F-563855772573}.Release|x64.ActiveCfg = Release|Any CPU
		{496BF925-6FB1-4AE5-AA2F-563855772573}.Release|x64.Build.0 = Release|Any CPU
		{496BF925-6FB1-4AE5-AA2F-563855772573}.Release|x86.ActiveCfg = Release|Any CPU
		{496BF925-6FB1-4AE5-AA2F-563855772573}.Release|x86.Build.0 = Release|Any CPU
	EndGlobalSection
	GlobalSection(SolutionProperties) = preSolution
		HideSolutionNode = FALSE
	EndGlobalSection
	GlobalSection(ExtensibilityGlobals) = postSolution
		SolutionGuid = {7CBCBFB5-1715-4BE9-BD68-D6964136265E}
	EndGlobalSection
EndGlobal
